{
    "version": 3,
    "terraform_version": "0.11.5",
    "serial": 22,
    "lineage": "1403147e-6733-af32-000f-d966314a0d4d",
    "modules": [
        {
            "path": [
                "root"
            ],
            "outputs": {
                "Public Instance IDs": {
                    "sensitive": false,
                    "type": "string",
                    "value": "i-0357416cdf331ced3, i-0b4918a178c725f2b"
                },
                    "deposed": [],
                "Public Instance IPs": {
                    "sensitive": false,
                    "type": "string",
                    "value": "54.153.123.55, 54.183.46.56"
                },
                "Public Security Group": {
                    "sensitive": false,
                    "type": "string",
                    "value": "sg-05021d8892358c676"
                },
                "Public Subnets": {
                    "sensitive": false,
                    "type": "string",
                    "value": "subnet-06c94c66d3a254255, subnet-0531fe93d3a6b1b3a"
                },
                "Subnet IPs": {
                    "sensitive": false,
                    "type": "string",
                    "value": "10.123.1.0/24, 10.123.2.0/24"
                },
                "bucket name": {
                    "sensitive": false,
                    "type": "string",
                    "value": "la-terraform-23300"
                }
            },
            "resources": {},
            "depends_on": []
        },
        {
            "path": [
                "root",
                "compute"
            ],
            "outputs": {
                "server_id": {
                    "sensitive": false,
                    "type": "string",
                    "value": "i-0357416cdf331ced3, i-0b4918a178c725f2b"
                },
                "server_ip": {
                    "sensitive": false,
                    "type": "string",
                    "value": "54.153.123.55, 54.183.46.56"
                }
            },
            "resources": {
                "aws_instance.tf_server.0": {
                    "type": "aws_instance",
                    "depends_on": [
                        "aws_key_pair.tf_auth",
                        "data.aws_ami.server_ami",
                        "data.template_file.user-init.*"
                    ],
                    "primary": {
                        "id": "i-0357416cdf331ced3",
                        "attributes": {
                            "ami": "ami-0ec6517f6edbf8044",
                            "arn": "arn:aws:ec2:us-west-1:353362429272:instance/i-0357416cdf331ced3",
                            "associate_public_ip_address": "true",
                            "availability_zone": "us-west-1b",
                            "cpu_core_count": "1",
                            "cpu_threads_per_core": "1",
                            "credit_specification.#": "1",
                            "credit_specification.0.cpu_credits": "standard",
                            "disable_api_termination": "false",
                            "ebs_block_device.#": "0",
                            "ebs_optimized": "false",
                            "ephemeral_block_device.#": "0",
                            "get_password_data": "false",
                            "iam_instance_profile": "",
                            "id": "i-0357416cdf331ced3",
                            "instance_state": "running",
                            "instance_type": "t2.micro",
                            "ipv6_addresses.#": "0",
                            "key_name": "tf_key",
                            "monitoring": "false",
                            "network_interface.#": "0",
                            "password_data": "",
                            "placement_group": "",
                            "primary_network_interface_id": "eni-051056d6d586b1388",
                            "private_dns": "ip-10-123-1-37.us-west-1.compute.internal",
                            "private_ip": "10.123.1.37",
                            "public_dns": "ec2-54-153-123-55.us-west-1.compute.amazonaws.com",
                            "public_ip": "54.153.123.55",
                            "root_block_device.#": "1",
                            "root_block_device.0.delete_on_termination": "true",
                            "root_block_device.0.iops": "100",
                            "root_block_device.0.volume_id": "vol-0f63acd9469c2be2f",
                            "root_block_device.0.volume_size": "8",
                            "root_block_device.0.volume_type": "gp2",
                            "security_groups.#": "0",
                            "source_dest_check": "true",
                            "subnet_id": "subnet-06c94c66d3a254255",
                            "tags.%": "1",
                            "tags.Name": "tf_server-1",
                            "tenancy": "default",
                            "user_data": "544105fc76f56380fa17cd0686e033cee5001d87",
                            "volume_tags.%": "0",
                            "vpc_security_group_ids.#": "1",
                            "vpc_security_group_ids.2208628316": "sg-05021d8892358c676"
                        },
                        "meta": {
                            "e2bfb730-ecaa-11e6-8f88-34363bc7c4c0": {
                                "create": 600000000000,
                                "delete": 1200000000000,
                                "update": 600000000000
                            },
                            "schema_version": "1"
                        },
                        "tainted": false
                    },
                    "deposed": [],
                    "provider": "provider.aws"
                },
                "aws_instance.tf_server.1": {
                    "type": "aws_instance",
                    "depends_on": [
                        "aws_key_pair.tf_auth",
                        "data.aws_ami.server_ami",
                        "data.template_file.user-init.*"
                    ],
                    "primary": {
                        "id": "i-0b4918a178c725f2b",
                        "attributes": {
                            "ami": "ami-0ec6517f6edbf8044",
                            "arn": "arn:aws:ec2:us-west-1:353362429272:instance/i-0b4918a178c725f2b",
                            "associate_public_ip_address": "true",
                            "availability_zone": "us-west-1c",
                            "cpu_core_count": "1",
                            "cpu_threads_per_core": "1",
                            "credit_specification.#": "1",
                            "credit_specification.0.cpu_credits": "standard",
                            "disable_api_termination": "false",
                            "ebs_block_device.#": "0",
                            "ebs_optimized": "false",
                            "ephemeral_block_device.#": "0",
                            "get_password_data": "false",
                            "iam_instance_profile": "",
                            "id": "i-0b4918a178c725f2b",
                            "instance_state": "running",
                            "instance_type": "t2.micro",
                            "ipv6_addresses.#": "0",
                            "key_name": "tf_key",
                            "monitoring": "false",
                            "network_interface.#": "0",
                            "password_data": "",
                            "placement_group": "",
                            "primary_network_interface_id": "eni-0e3b11cfb259c0f4e",
                            "private_dns": "ip-10-123-2-31.us-west-1.compute.internal",
                            "private_ip": "10.123.2.31",
                            "public_dns": "ec2-54-183-46-56.us-west-1.compute.amazonaws.com",
                            "public_ip": "54.183.46.56",
                            "root_block_device.#": "1",
                            "root_block_device.0.delete_on_termination": "true",
                            "root_block_device.0.iops": "100",
                            "root_block_device.0.volume_id": "vol-060b9081f30557c23",
                            "root_block_device.0.volume_size": "8",
                            "root_block_device.0.volume_type": "gp2",
                            "security_groups.#": "0",
                            "source_dest_check": "true",
                            "subnet_id": "subnet-0531fe93d3a6b1b3a",
                            "tags.%": "1",
                            "tags.Name": "tf_server-2",
                            "tenancy": "default",
                            "user_data": "ea5b38a77b74322af7f46802b7e74b3277c7eb0d",
                            "volume_tags.%": "0",
                            "vpc_security_group_ids.#": "1",
                            "vpc_security_group_ids.2208628316": "sg-05021d8892358c676"
                        },
                        "meta": {
                            "e2bfb730-ecaa-11e6-8f88-34363bc7c4c0": {
                                "create": 600000000000,
                                "delete": 1200000000000,
                                "update": 600000000000
                            },
                            "schema_version": "1"
                        },
                        "tainted": false
                    },
                    "deposed": [],
                    "provider": "provider.aws"
                },
                "aws_key_pair.tf_auth": {
                    "type": "aws_key_pair",
                    "depends_on": [],
                    "primary": {
                        "id": "tf_key",
                        "attributes": {
                            "fingerprint": "56:e2:f6:a9:4e:72:77:ba:3d:3c:23:32:51:9c:ca:af",
                            "id": "tf_key",
                            "key_name": "tf_key",
                            "public_key": "ssh-rsa AAAAB3NzaC1yc2EAAAADAQABAAABAQCjuBTZqjDOOAjMT+7ZZwNuTkKqgUqa3tvuiNUt4qPvmc1v5UVcOmgFGjSSG6xeOWQ4LWaFvh4YqZV9yALZTC+U8lXG+PT1UTc7QBluWVZtkO2D1A+UZJrlGW1fX0w3MMNKyfF+nsSAn/p03kO+Cq1vggBVvLemZat4R5OaPlXg1dqB9NRa2v6F4eYbjdhlTy+SasmWRKihXbx3ZQysuJ+f7ojx3bqHpqcrh4/rqfL5GaipeYx4sWI80t/nkDG3iU/r+Ipowlw3ub+0I+4TA+hPtMgwD5OEqXHPk3p6HFjDA0VFMQqC5a9Nc4mO43SpJCDvT7+d6x07/j+9l8wjqLvX root@ulaadmin5c.mylabserver.com"
                        },
                        "meta": {
                            "schema_version": "1"
                        },
                        "tainted": false
                    },
                    "deposed": [],
                    "provider": "provider.aws"
                },
                "data.aws_ami.server_ami": {
                    "type": "aws_ami",
                    "depends_on": [],
                    "primary": {
                        "id": "ami-0ec6517f6edbf8044",
                        "attributes": {
                            "architecture": "x86_64",
                            "block_device_mappings.#": "1",
                            "block_device_mappings.340275815.device_name": "/dev/xvda",
                            "block_device_mappings.340275815.ebs.%": "6",
                            "block_device_mappings.340275815.ebs.delete_on_termination": "true",
                            "block_device_mappings.340275815.ebs.encrypted": "false",
                            "block_device_mappings.340275815.ebs.iops": "0",
                            "block_device_mappings.340275815.ebs.snapshot_id": "snap-0608a064fe44657e7",
                            "block_device_mappings.340275815.ebs.volume_size": "8",
                            "block_device_mappings.340275815.ebs.volume_type": "gp2",
                            "block_device_mappings.340275815.no_device": "",
                            "block_device_mappings.340275815.virtual_name": "",
                            "creation_date": "2018-11-28T21:08:10.000Z",
                            "description": "Amazon Linux AMI 2018.03.0.20181129 x86_64 HVM gp2",
                            "filter.#": "1",
                            "filter.2898439165.name": "name",
                            "filter.2898439165.values.#": "1",
                            "filter.2898439165.values.0": "amzn-ami-hvm*-x86_64-gp2",
                            "hypervisor": "xen",
                            "id": "ami-0ec6517f6edbf8044",
                            "image_id": "ami-0ec6517f6edbf8044",
                            "image_location": "amazon/amzn-ami-hvm-2018.03.0.20181129-x86_64-gp2",
                            "image_owner_alias": "amazon",
                            "image_type": "machine",
                            "most_recent": "true",
                            "name": "amzn-ami-hvm-2018.03.0.20181129-x86_64-gp2",
                            "owner_id": "137112412989",
                            "owners.#": "1",
                            "owners.0": "amazon",
                            "product_codes.#": "0",
                            "public": "true",
                            "root_device_name": "/dev/xvda",
                            "root_device_type": "ebs",
                            "root_snapshot_id": "snap-0608a064fe44657e7",
                            "sriov_net_support": "simple",
                            "state": "available",
                            "state_reason.%": "2",
                            "state_reason.code": "UNSET",
                            "state_reason.message": "UNSET",
                            "tags.%": "0",
                            "virtualization_type": "hvm"
                        },
                        "meta": {},
                        "tainted": false
                    },
                    "deposed": [],
                    "provider": "provider.aws"
                },
                "data.template_file.user-init.0": {
                    "type": "template_file",
                    "depends_on": [],
                    "primary": {
                        "id": "57df141e108f0b6cf1703691b1a5a736ca3a01b0eb84e07196d778d405c36d19",
                        "attributes": {
                            "id": "57df141e108f0b6cf1703691b1a5a736ca3a01b0eb84e07196d778d405c36d19",
                            "rendered": "#!/bin/bash\nyum install httpd -y\necho \"Subnet for Firewall: 10.123.1.0/24\" \u003e\u003e /var/www/html/index.html\nservice httpd start\nchkconfig httpd on",
                            "template": "#!/bin/bash\nyum install httpd -y\necho \"Subnet for Firewall: ${firewall_subnets}\" \u003e\u003e /var/www/html/index.html\nservice httpd start\nchkconfig httpd on",
                            "vars.%": "1",
                            "vars.firewall_subnets": "10.123.1.0/24"
                        },
                        "meta": {},
                        "tainted": false
                    },
                    "deposed": [],
                    "provider": "provider.template"
                },
                "data.template_file.user-init.1": {
                    "type": "template_file",
                    "depends_on": [],
                    "primary": {
                        "id": "757bacc9f6377916bf38eff5b6acdb9ae2756c56859b9c203d8de26eff4865d4",
                        "attributes": {
                            "id": "757bacc9f6377916bf38eff5b6acdb9ae2756c56859b9c203d8de26eff4865d4",
                            "rendered": "#!/bin/bash\nyum install httpd -y\necho \"Subnet for Firewall: 10.123.2.0/24\" \u003e\u003e /var/www/html/index.html\nservice httpd start\nchkconfig httpd on",
                            "template": "#!/bin/bash\nyum install httpd -y\necho \"Subnet for Firewall: ${firewall_subnets}\" \u003e\u003e /var/www/html/index.html\nservice httpd start\nchkconfig httpd on",
                            "vars.%": "1",
                            "vars.firewall_subnets": "10.123.2.0/24"
                        },
                        "meta": {},
                        "tainted": false
                    },
                    "deposed": [],
                    "provider": "provider.template"
                }
            },
            "depends_on": []
        },
        {
            "path": [
                "root",
                "networking"
            ],
            "outputs": {
                "public_sg": {
                    "sensitive": false,
                    "type": "string",
                    "value": "sg-05021d8892358c676"
                },
                "public_subnets": {
                    "sensitive": false,
                    "type": "list",
                    "value": [
                        "subnet-06c94c66d3a254255",
                        "subnet-0531fe93d3a6b1b3a"
                    ]
                },
                "subnet_ips": {
                    "sensitive": false,
                    "type": "list",
                    "value": [
                        "10.123.1.0/24",
                        "10.123.2.0/24"
                    ]
                }
            },
            "resources": {
                "aws_default_route_table.tf_private_rt": {
                    "type": "aws_default_route_table",
                    "depends_on": [
                        "aws_vpc.tf_vpc"
                    ],
                    "primary": {
                        "id": "rtb-03d0ff0a35367738d",
                        "attributes": {
                            "default_route_table_id": "rtb-03d0ff0a35367738d",
                            "id": "rtb-03d0ff0a35367738d",
                            "owner_id": "353362429272",
                            "propagating_vgws.#": "0",
                            "route.#": "0",
                            "tags.%": "1",
                            "tags.Name": "tf_private",
                            "vpc_id": "vpc-03573e1d4d1d4ac4c"
                        },
                        "meta": {},
                        "tainted": false
                    },
                    "deposed": [],
                    "provider": "provider.aws"
                },
                "aws_internet_gateway.tf_internet_gateway": {
                    "type": "aws_internet_gateway",
                    "depends_on": [
                        "aws_vpc.tf_vpc"
                    ],
                    "primary": {
                        "id": "igw-050756f06a1de74da",
                        "attributes": {
                            "id": "igw-050756f06a1de74da",
                            "owner_id": "353362429272",
                            "tags.%": "1",
                            "tags.Name": "tf-igw",
                            "vpc_id": "vpc-03573e1d4d1d4ac4c"
                        },
                        "meta": {},
                        "tainted": false
                    },
                    "deposed": [],
                    "provider": "provider.aws"
                },
                "aws_route_table.tf_public_rt": {
                    "type": "aws_route_table",
                    "depends_on": [
                        "aws_internet_gateway.tf_internet_gateway",
                        "aws_vpc.tf_vpc"
                    ],
                    "primary": {
                        "id": "rtb-0ba94e003307e23ae",
                        "attributes": {
                            "id": "rtb-0ba94e003307e23ae",
                            "owner_id": "353362429272",
                            "propagating_vgws.#": "0",
                            "route.#": "1",
                            "route.3835058655.cidr_block": "0.0.0.0/0",
                            "route.3835058655.egress_only_gateway_id": "",
                            "route.3835058655.gateway_id": "igw-050756f06a1de74da",
                            "route.3835058655.instance_id": "",
                            "route.3835058655.ipv6_cidr_block": "",
                            "route.3835058655.nat_gateway_id": "",
                            "route.3835058655.network_interface_id": "",
                            "route.3835058655.transit_gateway_id": "",
                            "route.3835058655.vpc_peering_connection_id": "",
                            "tags.%": "1",
                            "tags.Name": "tf_public",
                            "vpc_id": "vpc-03573e1d4d1d4ac4c"
                        },
                        "meta": {},
                        "tainted": false
                    },
                    "deposed": [],
                    "provider": "provider.aws"
                },
                "aws_route_table_association.tf_public_assoc.0": {
                    "type": "aws_route_table_association",
                    "depends_on": [
                        "aws_route_table.tf_public_rt",
                        "aws_subnet.tf_public_subnet",
                        "aws_subnet.tf_public_subnet.*"
                    ],
                    "primary": {
                        "id": "rtbassoc-0934f7b8171a3be38",
                        "attributes": {
                            "id": "rtbassoc-0934f7b8171a3be38",
                            "route_table_id": "rtb-0ba94e003307e23ae",
                            "subnet_id": "subnet-06c94c66d3a254255"
                        },
                        "meta": {},
                        "tainted": false
                    },
                    "deposed": [],
                    "provider": "provider.aws"
                },
                "aws_route_table_association.tf_public_assoc.1": {
                    "type": "aws_route_table_association",
                    "depends_on": [
                        "aws_route_table.tf_public_rt",
                        "aws_subnet.tf_public_subnet",
                        "aws_subnet.tf_public_subnet.*"
                    ],
                    "primary": {
                        "id": "rtbassoc-030289b7ee24a0b2d",
                        "attributes": {
                            "id": "rtbassoc-030289b7ee24a0b2d",
                            "route_table_id": "rtb-0ba94e003307e23ae",
                            "subnet_id": "subnet-0531fe93d3a6b1b3a"
                        },
                        "meta": {},
                        "tainted": false
                    },
                    "deposed": [],
                    "provider": "provider.aws"
                },
                "aws_security_group.tf_public_sg": {
                    "type": "aws_security_group",
                    "depends_on": [
                        "aws_vpc.tf_vpc"
                    ],
                    "primary": {
                        "id": "sg-05021d8892358c676",
                        "attributes": {
                            "arn": "arn:aws:ec2:us-west-1:353362429272:security-group/sg-05021d8892358c676",
                            "description": "Used for public access",
                            "egress.#": "1",
                            "egress.482069346.cidr_blocks.#": "1",
                            "egress.482069346.cidr_blocks.0": "0.0.0.0/0",
                            "egress.482069346.description": "",
                            "egress.482069346.from_port": "0",
                            "egress.482069346.ipv6_cidr_blocks.#": "0",
                            "egress.482069346.prefix_list_ids.#": "0",
                            "egress.482069346.protocol": "-1",
                            "egress.482069346.security_groups.#": "0",
                            "egress.482069346.self": "false",
                            "egress.482069346.to_port": "0",
                            "id": "sg-05021d8892358c676",
                            "ingress.#": "2",
                            "ingress.2214680975.cidr_blocks.#": "1",
                            "ingress.2214680975.cidr_blocks.0": "0.0.0.0/0",
                            "ingress.2214680975.description": "",
                            "ingress.2214680975.from_port": "80",
                            "ingress.2214680975.ipv6_cidr_blocks.#": "0",
                            "ingress.2214680975.prefix_list_ids.#": "0",
                            "ingress.2214680975.protocol": "tcp",
                            "ingress.2214680975.security_groups.#": "0",
                            "ingress.2214680975.self": "false",
                            "ingress.2214680975.to_port": "80",
                            "ingress.2541437006.cidr_blocks.#": "1",
                            "ingress.2541437006.cidr_blocks.0": "0.0.0.0/0",
                            "ingress.2541437006.description": "",
                            "ingress.2541437006.from_port": "22",
                            "ingress.2541437006.ipv6_cidr_blocks.#": "0",
                            "ingress.2541437006.prefix_list_ids.#": "0",
                            "ingress.2541437006.protocol": "tcp",
                            "ingress.2541437006.security_groups.#": "0",
                            "ingress.2541437006.self": "false",
                            "ingress.2541437006.to_port": "22",
                            "name": "tf_public_sg",
                            "owner_id": "353362429272",
                            "revoke_rules_on_delete": "false",
                            "tags.%": "0",
                            "vpc_id": "vpc-03573e1d4d1d4ac4c"
                        },
                        "meta": {
                            "e2bfb730-ecaa-11e6-8f88-34363bc7c4c0": {
                                "create": 600000000000,
                                "delete": 600000000000
                            },
                            "schema_version": "1"
                        },
                        "tainted": false
                    },
                    "deposed": [],
                    "provider": "provider.aws"
                },
                "aws_subnet.tf_public_subnet.0": {
                    "type": "aws_subnet",
                    "depends_on": [
                        "aws_vpc.tf_vpc",
                        "data.aws_availability_zones.available"
                    ],
                    "primary": {
                        "id": "subnet-06c94c66d3a254255",
                        "attributes": {
                            "arn": "arn:aws:ec2:us-west-1:353362429272:subnet/subnet-06c94c66d3a254255",
                            "assign_ipv6_address_on_creation": "false",
                            "availability_zone": "us-west-1b",
                            "availability_zone_id": "usw1-az3",
                            "cidr_block": "10.123.1.0/24",
                            "id": "subnet-06c94c66d3a254255",
                            "ipv6_cidr_block": "",
                            "ipv6_cidr_block_association_id": "",
                            "map_public_ip_on_launch": "true",
                            "owner_id": "353362429272",
                            "tags.%": "1",
                            "tags.Name": "tf_public_1",
                            "vpc_id": "vpc-03573e1d4d1d4ac4c"
                        },
                        "meta": {
                            "e2bfb730-ecaa-11e6-8f88-34363bc7c4c0": {
                                "create": 600000000000,
                                "delete": 600000000000
                            },
                            "schema_version": "1"
                        },
                        "tainted": false
                    },
                    "deposed": [],
                    "provider": "provider.aws"
                },
                "aws_subnet.tf_public_subnet.1": {
                    "type": "aws_subnet",
                    "depends_on": [
                        "aws_vpc.tf_vpc",
                        "data.aws_availability_zones.available"
                    ],
                    "primary": {
                        "id": "subnet-0531fe93d3a6b1b3a",
                        "attributes": {
                            "arn": "arn:aws:ec2:us-west-1:353362429272:subnet/subnet-0531fe93d3a6b1b3a",
                            "assign_ipv6_address_on_creation": "false",
                            "availability_zone": "us-west-1c",
                            "availability_zone_id": "usw1-az1",
                            "cidr_block": "10.123.2.0/24",
                            "id": "subnet-0531fe93d3a6b1b3a",
                            "ipv6_cidr_block": "",
                            "ipv6_cidr_block_association_id": "",
                            "map_public_ip_on_launch": "true",
                            "owner_id": "353362429272",
                            "tags.%": "1",
                            "tags.Name": "tf_public_2",
                            "vpc_id": "vpc-03573e1d4d1d4ac4c"
                        },
                        "meta": {
                            "e2bfb730-ecaa-11e6-8f88-34363bc7c4c0": {
                                "create": 600000000000,
                                "delete": 600000000000
                            },
                            "schema_version": "1"
                        },
                        "tainted": false
                    },
                    "deposed": [],
                    "provider": "provider.aws"
                },
                "aws_vpc.tf_vpc": {
                    "type": "aws_vpc",
                    "depends_on": [],
                    "primary": {
                        "id": "vpc-03573e1d4d1d4ac4c",
                        "attributes": {
                            "arn": "arn:aws:ec2:us-west-1:353362429272:vpc/vpc-03573e1d4d1d4ac4c",
                            "assign_generated_ipv6_cidr_block": "false",
                            "cidr_block": "10.123.0.0/16",
                            "default_network_acl_id": "acl-06fec348adf9c3f24",
                            "default_route_table_id": "rtb-03d0ff0a35367738d",
                            "default_security_group_id": "sg-0dca03263f2af5c9a",
                            "dhcp_options_id": "dopt-47471120",
                            "enable_classiclink": "false",
                            "enable_classiclink_dns_support": "false",
                            "enable_dns_hostnames": "true",
                            "enable_dns_support": "true",
                            "id": "vpc-03573e1d4d1d4ac4c",
                            "instance_tenancy": "default",
                            "ipv6_association_id": "",
                            "ipv6_cidr_block": "",
                            "main_route_table_id": "rtb-03d0ff0a35367738d",
                            "owner_id": "353362429272",
                            "tags.%": "1",
                            "tags.Name": "tf_vpc"
                        },
                        "meta": {
                            "schema_version": "1"
                        },
                        "tainted": false
                    },
                    "deposed": [],
                    "provider": "provider.aws"
                },
                "data.aws_availability_zones.available": {
                    "type": "aws_availability_zones",
                    "depends_on": [],
                    "primary": {
                        "id": "2019-03-29 01:27:50.242272809 +0000 UTC",
                        "attributes": {
                            "id": "2019-03-29 01:27:50.242272809 +0000 UTC",
                            "names.#": "2",
                            "names.0": "us-west-1b",
                            "names.1": "us-west-1c",
                            "zone_ids.#": "2",
                            "zone_ids.0": "usw1-az3",
                            "zone_ids.1": "usw1-az1"
                        },
                        "meta": {},
                        "tainted": false
                    },
                    "deposed": [],
                    "provider": "provider.aws"
                }
            },
            "depends_on": []
        },
        {
            "path": [
                "root",
                "storage"
            ],
            "outputs": {
                "bucketname": {
                    "sensitive": false,
                    "type": "string",
                    "value": "la-terraform-23300"
                }
            },
            "resources": {
                "aws_s3_bucket.tf_code": {
                    "type": "aws_s3_bucket",
                    "depends_on": [
                        "random_id.tf_bucket_id"
                    ],
                    "primary": {
                        "id": "la-terraform-23300",
                        "attributes": {
                            "acceleration_status": "",
                            "acl": "private",
                            "arn": "arn:aws:s3:::la-terraform-23300",
                            "bucket": "la-terraform-23300",
                            "bucket_domain_name": "la-terraform-23300.s3.amazonaws.com",
                            "bucket_regional_domain_name": "la-terraform-23300.s3.us-west-1.amazonaws.com",
                            "cors_rule.#": "0",
                            "force_destroy": "true",
                            "hosted_zone_id": "Z2F56UZL2M1ACD",
                            "id": "la-terraform-23300",
                            "lifecycle_rule.#": "0",
                            "logging.#": "0",
                            "object_lock_configuration.#": "0",
                            "region": "us-west-1",
                            "replication_configuration.#": "0",
                            "request_payer": "BucketOwner",
                            "server_side_encryption_configuration.#": "0",
                            "tags.%": "1",
                            "tags.Name": "tf_bucket",
                            "versioning.#": "1",
                            "versioning.0.enabled": "false",
                            "versioning.0.mfa_delete": "false",
                            "website.#": "0"
                        },
                        "meta": {},
                        "tainted": false
                    },
                    "deposed": [],
                    "provider": "provider.aws"
                },
                "random_id.tf_bucket_id": {
                    "type": "random_id",
                    "depends_on": [],
                    "primary": {
                        "id": "WwQ",
                        "attributes": {
                            "b64": "WwQ",
                            "b64_std": "WwQ=",
                            "b64_url": "WwQ",
                            "byte_length": "2",
                            "dec": "23300",
                            "hex": "5b04",
                            "id": "WwQ"
                        },
                        "meta": {},
                        "tainted": false
                    },
                    "deposed": [],
                    "provider": "provider.random"
                }
            },
            "depends_on": []
        }
    ]
}
